
Microsoft Visual Studio Solution File, Format Version 12.00
# Visual Studio Version 17
VisualStudioVersion = 17.8.34309.116
MinimumVisualStudioVersion = 10.0.40219.1
Project("{FAE04EC0-301F-11D3-BF4B-00C04F79EFBC}") = "ConsoleApp1", "ConsoleApp1\ConsoleApp1.csproj", "{9F4F738E-989B-4BE6-9CBF-1882CBB03BA7}"
EndProject
Global
	GlobalSection(SolutionConfigurationPlatforms) = preSolution
		Debug|Any CPU = Debug|Any CPU
		Release|Any CPU = Release|Any CPU
	EndGlobalSection
	GlobalSection(ProjectConfigurationPlatforms) = postSolution
		{9F4F738E-989B-4BE6-9CBF-1882CBB03BA7}.Debug|Any CPU.ActiveCfg = Debug|Any CPU
		{9F4F738E-989B-4BE6-9CBF-1882CBB03BA7}.Debug|Any CPU.Build.0 = Debug|Any CPU
		{9F4F738E-989B-4BE6-9CBF-1882CBB03BA7}.Release|Any CPU.ActiveCfg = Release|Any CPU
		{9F4F738E-989B-4BE6-9CBF-1882CBB03BA7}.Release|Any CPU.Build.0 = Release|Any CPU
	EndGlobalSection
	GlobalSection(SolutionProperties) = preSolution
		HideSolutionNode = FALSE
	EndGlobalSection
	GlobalSection(ExtensibilityGlobals) = postSolution
		SolutionGuid = {AB0B35DE-7DFC-4BE6-9D02-07B797B1826C}
	EndGlobalSection
EndGlobal
