
Microsoft Visual Studio Solution File, Format Version 12.00
# Visual Studio Version 17
VisualStudioVersion = 17.10.35013.160
MinimumVisualStudioVersion = 10.0.40219.1
Project("{FAE04EC0-301F-11D3-BF4B-00C04F79EFBC}") = "Lab4Sharp", "Lab4Sharp\Lab4Sharp.csproj", "{ADE1583C-964C-4725-8485-0E186C2C17A1}"
EndProject
Global
	GlobalSection(SolutionConfigurationPlatforms) = preSolution
		Debug|Any CPU = Debug|Any CPU
		Release|Any CPU = Release|Any CPU
	EndGlobalSection
	GlobalSection(ProjectConfigurationPlatforms) = postSolution
		{ADE1583C-964C-4725-8485-0E186C2C17A1}.Debug|Any CPU.ActiveCfg = Debug|Any CPU
		{ADE1583C-964C-4725-8485-0E186C2C17A1}.Debug|Any CPU.Build.0 = Debug|Any CPU
		{ADE1583C-964C-4725-8485-0E186C2C17A1}.Release|Any CPU.ActiveCfg = Release|Any CPU
		{ADE1583C-964C-4725-8485-0E186C2C17A1}.Release|Any CPU.Build.0 = Release|Any CPU
	EndGlobalSection
	GlobalSection(SolutionProperties) = preSolution
		HideSolutionNode = FALSE
	EndGlobalSection
	GlobalSection(ExtensibilityGlobals) = postSolution
		SolutionGuid = {28A158C0-20DB-4288-A74C-8CD9A5AEFF8B}
	EndGlobalSection
EndGlobal
