
Microsoft Visual Studio Solution File, Format Version 12.00
# Visual Studio Version 17
VisualStudioVersion = 17.13.35931.197 d17.13
MinimumVisualStudioVersion = 10.0.40219.1
Project("{FAE04EC0-301F-11D3-BF4B-00C04F79EFBC}") = "ConsoleApp1", "ConsoleApp1\ConsoleApp1.csproj", "{EF09B2B6-EFB6-427A-B9BF-7A44E3FCAD6A}"
EndProject
Global
	GlobalSection(SolutionConfigurationPlatforms) = preSolution
		Debug|Any CPU = Debug|Any CPU
		Release|Any CPU = Release|Any CPU
	EndGlobalSection
	GlobalSection(ProjectConfigurationPlatforms) = postSolution
		{EF09B2B6-EFB6-427A-B9BF-7A44E3FCAD6A}.Debug|Any CPU.ActiveCfg = Debug|Any CPU
		{EF09B2B6-EFB6-427A-B9BF-7A44E3FCAD6A}.Debug|Any CPU.Build.0 = Debug|Any CPU
		{EF09B2B6-EFB6-427A-B9BF-7A44E3FCAD6A}.Release|Any CPU.ActiveCfg = Release|Any CPU
		{EF09B2B6-EFB6-427A-B9BF-7A44E3FCAD6A}.Release|Any CPU.Build.0 = Release|Any CPU
	EndGlobalSection
	GlobalSection(SolutionProperties) = preSolution
		HideSolutionNode = FALSE
	EndGlobalSection
	GlobalSection(ExtensibilityGlobals) = postSolution
		SolutionGuid = {7092D88C-BAEC-4A9F-9C7F-943E4433FE25}
	EndGlobalSection
EndGlobal
