
Microsoft Visual Studio Solution File, Format Version 12.00
# Visual Studio Version 17
VisualStudioVersion = 17.8.34525.116
MinimumVisualStudioVersion = 10.0.40219.1
Project("{FAE04EC0-301F-11D3-BF4B-00C04F79EFBC}") = "SaiProject", "SaiProject.csproj", "{D9558F0F-8452-48D4-9DBB-3EA7EDB93E9D}"
EndProject
Project("{FAE04EC0-301F-11D3-BF4B-00C04F79EFBC}") = "SaiClassLibrary", "..\SaiClassLibrary\SaiClassLibrary.csproj", "{FC9EB2FC-70FE-45F1-9963-D8B960A626BA}"
EndProject
Global
	GlobalSection(SolutionConfigurationPlatforms) = preSolution
		Debug|Any CPU = Debug|Any CPU
		Release|Any CPU = Release|Any CPU
	EndGlobalSection
	GlobalSection(ProjectConfigurationPlatforms) = postSolution
		{D9558F0F-8452-48D4-9DBB-3EA7EDB93E9D}.Debug|Any CPU.ActiveCfg = Debug|Any CPU
		{D9558F0F-8452-48D4-9DBB-3EA7EDB93E9D}.Debug|Any CPU.Build.0 = Debug|Any CPU
		{D9558F0F-8452-48D4-9DBB-3EA7EDB93E9D}.Release|Any CPU.ActiveCfg = Release|Any CPU
		{D9558F0F-8452-48D4-9DBB-3EA7EDB93E9D}.Release|Any CPU.Build.0 = Release|Any CPU
		{FC9EB2FC-70FE-45F1-9963-D8B960A626BA}.Debug|Any CPU.ActiveCfg = Debug|Any CPU
		{FC9EB2FC-70FE-45F1-9963-D8B960A626BA}.Debug|Any CPU.Build.0 = Debug|Any CPU
		{FC9EB2FC-70FE-45F1-9963-D8B960A626BA}.Release|Any CPU.ActiveCfg = Release|Any CPU
		{FC9EB2FC-70FE-45F1-9963-D8B960A626BA}.Release|Any CPU.Build.0 = Release|Any CPU
	EndGlobalSection
	GlobalSection(SolutionProperties) = preSolution
		HideSolutionNode = FALSE
	EndGlobalSection
	GlobalSection(ExtensibilityGlobals) = postSolution
		SolutionGuid = {3CF5D946-B51F-469F-BD23-631CDD228B84}
	EndGlobalSection
EndGlobal
